
Microsoft Visual Studio Solution File, Format Version 12.00
# Visual Studio Version 17
VisualStudioVersion = 17.4.33213.308
MinimumVisualStudioVersion = 10.0.40219.1
Project("{9A19103F-16F7-4668-BE54-9A1E7A4F7556}") = "Crm.Backend.Core", "Backend\Crm.Backend.Core\Crm.Backend.Core.csproj", "{6C4390C7-3C29-45D4-94C5-1052CDE09A26}"
EndProject
Global
	GlobalSection(SolutionConfigurationPlatforms) = preSolution
		Debug|Any CPU = Debug|Any CPU
		Release|Any CPU = Release|Any CPU
	EndGlobalSection
	GlobalSection(ProjectConfigurationPlatforms) = postSolution
		{6C4390C7-3C29-45D4-94C5-1052CDE09A26}.Debug|Any CPU.ActiveCfg = Debug|Any CPU
		{6C4390C7-3C29-45D4-94C5-1052CDE09A26}.Debug|Any CPU.Build.0 = Debug|Any CPU
		{6C4390C7-3C29-45D4-94C5-1052CDE09A26}.Release|Any CPU.ActiveCfg = Release|Any CPU
		{6C4390C7-3C29-45D4-94C5-1052CDE09A26}.Release|Any CPU.Build.0 = Release|Any CPU
	EndGlobalSection
	GlobalSection(SolutionProperties) = preSolution
		HideSolutionNode = FALSE
	EndGlobalSection
	GlobalSection(ExtensibilityGlobals) = postSolution
		SolutionGuid = {06A48377-3067-4E62-9C2E-8CBEC11ACBC7}
	EndGlobalSection
EndGlobal
