
Microsoft Visual Studio Solution File, Format Version 12.00
# Visual Studio Version 17
VisualStudioVersion = 17.4.33213.308
MinimumVisualStudioVersion = 10.0.40219.1
Project("{2150E333-8FDC-42A3-9474-1A3956D46DE8}") = "src", "src", "{56F347B1-0CD9-4B3D-AFBB-2433D4BF6837}"
EndProject
Project("{2150E333-8FDC-42A3-9474-1A3956D46DE8}") = "Backend", "Backend", "{58C682F7-4F5D-4869-A61A-C07B98FCC70F}"
EndProject
Project("{2150E333-8FDC-42A3-9474-1A3956D46DE8}") = "BFF", "BFF", "{782D5773-124B-43E8-A076-A29953360EE8}"
EndProject
Project("{2150E333-8FDC-42A3-9474-1A3956D46DE8}") = "Shared", "Shared", "{ED41A43F-9CE0-4554-B90A-DCD49C2816F1}"
EndProject
Project("{9A19103F-16F7-4668-BE54-9A1E7A4F7556}") = "Crm.Gateway.Identity", "src\Bff\Crm.Gateway.Identity\Crm.Gateway.Identity.csproj", "{019DF447-4D8D-4619-91B2-448161919BF9}"
EndProject
Project("{9A19103F-16F7-4668-BE54-9A1E7A4F7556}") = "Crm.Shared", "src\Shared\Crm.Shared\Crm.Shared.csproj", "{A065E348-98FC-47FB-BA16-72A12ADCFB31}"
EndProject
Project("{2150E333-8FDC-42A3-9474-1A3956D46DE8}") = "Tests", "Tests", "{DFD74F99-B247-4D31-B084-F58B8AE33FE1}"
EndProject
Project("{9A19103F-16F7-4668-BE54-9A1E7A4F7556}") = "Tests.Commands.Clients", "Tests\Crm.Clients.Tests\Tests.Commands.Clients.csproj", "{A4854CD6-911E-4EEE-957C-1DC2FB3CB417}"
EndProject
Project("{9A19103F-16F7-4668-BE54-9A1E7A4F7556}") = "Tests.Commands.Shared", "Tests\Tests.Shared\Tests.Commands.Shared.csproj", "{E0A0D91E-DB86-47F3-84D5-FE4667987A57}"
EndProject
Project("{9A19103F-16F7-4668-BE54-9A1E7A4F7556}") = "Tests.Commands.Core", "Tests\Crm.Core.Tests\Tests.Commands.Core.csproj", "{CC898CDF-5954-4C5F-AF41-9BD096566B9E}"
EndProject
Project("{9A19103F-16F7-4668-BE54-9A1E7A4F7556}") = "Tests.Commands.Managers", "Tests\Crm.Managers.Tests\Tests.Commands.Managers.csproj", "{E6C9AFFE-1479-48A7-9C51-0C23C83DA6C5}"
EndProject
Project("{9A19103F-16F7-4668-BE54-9A1E7A4F7556}") = "Tests.Commands.Supervisors", "Tests\Crm.Supervisors.Tests\Tests.Commands.Supervisors.csproj", "{8C4F6C18-BD43-45F4-A39E-91BF079F7CA7}"
EndProject
Project("{9A19103F-16F7-4668-BE54-9A1E7A4F7556}") = "Crm.Messages.Bus", "src\Shared\Crm.Messages.Bus\Crm.Messages.Bus.csproj", "{12B2079B-F81D-4BC5-B1DF-36A6BD061B6B}"
EndProject
Project("{2150E333-8FDC-42A3-9474-1A3956D46DE8}") = "Commands", "Commands", "{DC5E29B5-D4F9-4A20-B747-A4367760E0C7}"
EndProject
Project("{9A19103F-16F7-4668-BE54-9A1E7A4F7556}") = "Crm.Commands.Core", "src\Backend\Commands\Crm.Commands.Core\Crm.Commands.Core.csproj", "{98CD9E16-A2A5-4992-BFAA-A89E37D10856}"
EndProject
Project("{9A19103F-16F7-4668-BE54-9A1E7A4F7556}") = "Crm.Commands.Data", "src\Backend\Commands\Crm.Commands.Data\Crm.Commands.Data.csproj", "{BAC382B1-9AF7-4432-90C8-34D952496868}"
EndProject
Project("{2150E333-8FDC-42A3-9474-1A3956D46DE8}") = "Queries", "Queries", "{3595D006-E572-400A-B6E1-C391D54126F7}"
EndProject
Project("{9A19103F-16F7-4668-BE54-9A1E7A4F7556}") = "Crm.Commands.Clients", "src\Backend\Commands\Crm.Commands.Clients\Crm.Commands.Clients.csproj", "{6992595B-8E02-4845-8F85-0981A7D0E6FB}"
EndProject
Project("{9A19103F-16F7-4668-BE54-9A1E7A4F7556}") = "Crm.Commands.Managers", "src\Backend\Commands\Crm.Commands.Managers\Crm.Commands.Managers.csproj", "{AFF3D066-7806-4CFE-BE0D-79F2CB61ABB8}"
EndProject
Project("{9A19103F-16F7-4668-BE54-9A1E7A4F7556}") = "Crm.Commands.Supervisors", "src\Backend\Commands\Crm.Commands.Supervisors\Crm.Commands.Supervisors.csproj", "{ABFD7F78-EA74-40CC-A366-C84569FF2355}"
EndProject
Project("{2150E333-8FDC-42A3-9474-1A3956D46DE8}") = "Commands", "Commands", "{EEDF260F-A7D3-4AAA-8EDC-0DF4EC92E516}"
EndProject
Project("{FAE04EC0-301F-11D3-BF4B-00C04F79EFBC}") = "Crm.Messages", "src\Shared\Crm.Messages\Crm.Messages.csproj", "{72F6F81B-BB53-433D-86A1-1871F46CF87B}"
EndProject
Global
	GlobalSection(SolutionConfigurationPlatforms) = preSolution
		Debug|Any CPU = Debug|Any CPU
		Release|Any CPU = Release|Any CPU
	EndGlobalSection
	GlobalSection(ProjectConfigurationPlatforms) = postSolution
		{019DF447-4D8D-4619-91B2-448161919BF9}.Debug|Any CPU.ActiveCfg = Debug|Any CPU
		{019DF447-4D8D-4619-91B2-448161919BF9}.Debug|Any CPU.Build.0 = Debug|Any CPU
		{019DF447-4D8D-4619-91B2-448161919BF9}.Release|Any CPU.ActiveCfg = Release|Any CPU
		{019DF447-4D8D-4619-91B2-448161919BF9}.Release|Any CPU.Build.0 = Release|Any CPU
		{A065E348-98FC-47FB-BA16-72A12ADCFB31}.Debug|Any CPU.ActiveCfg = Debug|Any CPU
		{A065E348-98FC-47FB-BA16-72A12ADCFB31}.Debug|Any CPU.Build.0 = Debug|Any CPU
		{A065E348-98FC-47FB-BA16-72A12ADCFB31}.Release|Any CPU.ActiveCfg = Release|Any CPU
		{A065E348-98FC-47FB-BA16-72A12ADCFB31}.Release|Any CPU.Build.0 = Release|Any CPU
		{A4854CD6-911E-4EEE-957C-1DC2FB3CB417}.Debug|Any CPU.ActiveCfg = Debug|Any CPU
		{A4854CD6-911E-4EEE-957C-1DC2FB3CB417}.Debug|Any CPU.Build.0 = Debug|Any CPU
		{A4854CD6-911E-4EEE-957C-1DC2FB3CB417}.Release|Any CPU.ActiveCfg = Release|Any CPU
		{A4854CD6-911E-4EEE-957C-1DC2FB3CB417}.Release|Any CPU.Build.0 = Release|Any CPU
		{E0A0D91E-DB86-47F3-84D5-FE4667987A57}.Debug|Any CPU.ActiveCfg = Debug|Any CPU
		{E0A0D91E-DB86-47F3-84D5-FE4667987A57}.Debug|Any CPU.Build.0 = Debug|Any CPU
		{E0A0D91E-DB86-47F3-84D5-FE4667987A57}.Release|Any CPU.ActiveCfg = Release|Any CPU
		{E0A0D91E-DB86-47F3-84D5-FE4667987A57}.Release|Any CPU.Build.0 = Release|Any CPU
		{CC898CDF-5954-4C5F-AF41-9BD096566B9E}.Debug|Any CPU.ActiveCfg = Debug|Any CPU
		{CC898CDF-5954-4C5F-AF41-9BD096566B9E}.Debug|Any CPU.Build.0 = Debug|Any CPU
		{CC898CDF-5954-4C5F-AF41-9BD096566B9E}.Release|Any CPU.ActiveCfg = Release|Any CPU
		{CC898CDF-5954-4C5F-AF41-9BD096566B9E}.Release|Any CPU.Build.0 = Release|Any CPU
		{E6C9AFFE-1479-48A7-9C51-0C23C83DA6C5}.Debug|Any CPU.ActiveCfg = Debug|Any CPU
		{E6C9AFFE-1479-48A7-9C51-0C23C83DA6C5}.Debug|Any CPU.Build.0 = Debug|Any CPU
		{E6C9AFFE-1479-48A7-9C51-0C23C83DA6C5}.Release|Any CPU.ActiveCfg = Release|Any CPU
		{E6C9AFFE-1479-48A7-9C51-0C23C83DA6C5}.Release|Any CPU.Build.0 = Release|Any CPU
		{8C4F6C18-BD43-45F4-A39E-91BF079F7CA7}.Debug|Any CPU.ActiveCfg = Debug|Any CPU
		{8C4F6C18-BD43-45F4-A39E-91BF079F7CA7}.Debug|Any CPU.Build.0 = Debug|Any CPU
		{8C4F6C18-BD43-45F4-A39E-91BF079F7CA7}.Release|Any CPU.ActiveCfg = Release|Any CPU
		{8C4F6C18-BD43-45F4-A39E-91BF079F7CA7}.Release|Any CPU.Build.0 = Release|Any CPU
		{12B2079B-F81D-4BC5-B1DF-36A6BD061B6B}.Debug|Any CPU.ActiveCfg = Debug|Any CPU
		{12B2079B-F81D-4BC5-B1DF-36A6BD061B6B}.Debug|Any CPU.Build.0 = Debug|Any CPU
		{12B2079B-F81D-4BC5-B1DF-36A6BD061B6B}.Release|Any CPU.ActiveCfg = Release|Any CPU
		{12B2079B-F81D-4BC5-B1DF-36A6BD061B6B}.Release|Any CPU.Build.0 = Release|Any CPU
		{98CD9E16-A2A5-4992-BFAA-A89E37D10856}.Debug|Any CPU.ActiveCfg = Debug|Any CPU
		{98CD9E16-A2A5-4992-BFAA-A89E37D10856}.Debug|Any CPU.Build.0 = Debug|Any CPU
		{98CD9E16-A2A5-4992-BFAA-A89E37D10856}.Release|Any CPU.ActiveCfg = Release|Any CPU
		{98CD9E16-A2A5-4992-BFAA-A89E37D10856}.Release|Any CPU.Build.0 = Release|Any CPU
		{BAC382B1-9AF7-4432-90C8-34D952496868}.Debug|Any CPU.ActiveCfg = Debug|Any CPU
		{BAC382B1-9AF7-4432-90C8-34D952496868}.Debug|Any CPU.Build.0 = Debug|Any CPU
		{BAC382B1-9AF7-4432-90C8-34D952496868}.Release|Any CPU.ActiveCfg = Release|Any CPU
		{BAC382B1-9AF7-4432-90C8-34D952496868}.Release|Any CPU.Build.0 = Release|Any CPU
		{6992595B-8E02-4845-8F85-0981A7D0E6FB}.Debug|Any CPU.ActiveCfg = Debug|Any CPU
		{6992595B-8E02-4845-8F85-0981A7D0E6FB}.Debug|Any CPU.Build.0 = Debug|Any CPU
		{6992595B-8E02-4845-8F85-0981A7D0E6FB}.Release|Any CPU.ActiveCfg = Release|Any CPU
		{6992595B-8E02-4845-8F85-0981A7D0E6FB}.Release|Any CPU.Build.0 = Release|Any CPU
		{AFF3D066-7806-4CFE-BE0D-79F2CB61ABB8}.Debug|Any CPU.ActiveCfg = Debug|Any CPU
		{AFF3D066-7806-4CFE-BE0D-79F2CB61ABB8}.Debug|Any CPU.Build.0 = Debug|Any CPU
		{AFF3D066-7806-4CFE-BE0D-79F2CB61ABB8}.Release|Any CPU.ActiveCfg = Release|Any CPU
		{AFF3D066-7806-4CFE-BE0D-79F2CB61ABB8}.Release|Any CPU.Build.0 = Release|Any CPU
		{ABFD7F78-EA74-40CC-A366-C84569FF2355}.Debug|Any CPU.ActiveCfg = Debug|Any CPU
		{ABFD7F78-EA74-40CC-A366-C84569FF2355}.Debug|Any CPU.Build.0 = Debug|Any CPU
		{ABFD7F78-EA74-40CC-A366-C84569FF2355}.Release|Any CPU.ActiveCfg = Release|Any CPU
		{ABFD7F78-EA74-40CC-A366-C84569FF2355}.Release|Any CPU.Build.0 = Release|Any CPU
		{72F6F81B-BB53-433D-86A1-1871F46CF87B}.Debug|Any CPU.ActiveCfg = Debug|Any CPU
		{72F6F81B-BB53-433D-86A1-1871F46CF87B}.Debug|Any CPU.Build.0 = Debug|Any CPU
		{72F6F81B-BB53-433D-86A1-1871F46CF87B}.Release|Any CPU.ActiveCfg = Release|Any CPU
		{72F6F81B-BB53-433D-86A1-1871F46CF87B}.Release|Any CPU.Build.0 = Release|Any CPU
	EndGlobalSection
	GlobalSection(SolutionProperties) = preSolution
		HideSolutionNode = FALSE
	EndGlobalSection
	GlobalSection(NestedProjects) = preSolution
		{58C682F7-4F5D-4869-A61A-C07B98FCC70F} = {56F347B1-0CD9-4B3D-AFBB-2433D4BF6837}
		{782D5773-124B-43E8-A076-A29953360EE8} = {56F347B1-0CD9-4B3D-AFBB-2433D4BF6837}
		{ED41A43F-9CE0-4554-B90A-DCD49C2816F1} = {56F347B1-0CD9-4B3D-AFBB-2433D4BF6837}
		{019DF447-4D8D-4619-91B2-448161919BF9} = {782D5773-124B-43E8-A076-A29953360EE8}
		{A065E348-98FC-47FB-BA16-72A12ADCFB31} = {ED41A43F-9CE0-4554-B90A-DCD49C2816F1}
		{A4854CD6-911E-4EEE-957C-1DC2FB3CB417} = {EEDF260F-A7D3-4AAA-8EDC-0DF4EC92E516}
		{E0A0D91E-DB86-47F3-84D5-FE4667987A57} = {EEDF260F-A7D3-4AAA-8EDC-0DF4EC92E516}
		{CC898CDF-5954-4C5F-AF41-9BD096566B9E} = {EEDF260F-A7D3-4AAA-8EDC-0DF4EC92E516}
		{E6C9AFFE-1479-48A7-9C51-0C23C83DA6C5} = {EEDF260F-A7D3-4AAA-8EDC-0DF4EC92E516}
		{8C4F6C18-BD43-45F4-A39E-91BF079F7CA7} = {EEDF260F-A7D3-4AAA-8EDC-0DF4EC92E516}
		{12B2079B-F81D-4BC5-B1DF-36A6BD061B6B} = {ED41A43F-9CE0-4554-B90A-DCD49C2816F1}
		{DC5E29B5-D4F9-4A20-B747-A4367760E0C7} = {58C682F7-4F5D-4869-A61A-C07B98FCC70F}
		{98CD9E16-A2A5-4992-BFAA-A89E37D10856} = {DC5E29B5-D4F9-4A20-B747-A4367760E0C7}
		{BAC382B1-9AF7-4432-90C8-34D952496868} = {DC5E29B5-D4F9-4A20-B747-A4367760E0C7}
		{3595D006-E572-400A-B6E1-C391D54126F7} = {58C682F7-4F5D-4869-A61A-C07B98FCC70F}
		{6992595B-8E02-4845-8F85-0981A7D0E6FB} = {DC5E29B5-D4F9-4A20-B747-A4367760E0C7}
		{AFF3D066-7806-4CFE-BE0D-79F2CB61ABB8} = {DC5E29B5-D4F9-4A20-B747-A4367760E0C7}
		{ABFD7F78-EA74-40CC-A366-C84569FF2355} = {DC5E29B5-D4F9-4A20-B747-A4367760E0C7}
		{EEDF260F-A7D3-4AAA-8EDC-0DF4EC92E516} = {DFD74F99-B247-4D31-B084-F58B8AE33FE1}
		{72F6F81B-BB53-433D-86A1-1871F46CF87B} = {ED41A43F-9CE0-4554-B90A-DCD49C2816F1}
	EndGlobalSection
	GlobalSection(ExtensibilityGlobals) = postSolution
		SolutionGuid = {06A48377-3067-4E62-9C2E-8CBEC11ACBC7}
	EndGlobalSection
EndGlobal
